
Microsoft Visual Studio Solution File, Format Version 12.00
Project("{FAE04EC0-301F-11D3-BF4B-00C04F79EFBC}") = "ChangelogAutomation", "ChangelogAutomation\ChangelogAutomation.csproj", "{F0C7FDA4-FA26-449D-B686-7803032B83F0}"
EndProject
Project("{2150E333-8FDC-42A3-9474-1A3956D46DE8}") = "Solution Items", "Solution Items", "{CB8649AC-EF2D-4E45-847F-8052CF7B1ACB}"
ProjectSection(SolutionItems) = preProject
	LICENSE.md = LICENSE.md
	README.md = README.md
	.editorconfig = .editorconfig
	.gitignore = .gitignore
	NuGet.config = NuGet.config
	Directory.Build.props = Directory.Build.props
	CHANGELOG.md = CHANGELOG.md
	MAINTAINERSHIP.md = MAINTAINERSHIP.md
EndProjectSection
EndProject
Project("{FAE04EC0-301F-11D3-BF4B-00C04F79EFBC}") = "ChangelogAutomation.Tests", "ChangelogAutomation.Tests\ChangelogAutomation.Tests.csproj", "{F6BE3958-9982-4D7A-8418-ABCC0DEEF314}"
EndProject
Project("{2150E333-8FDC-42A3-9474-1A3956D46DE8}") = ".github", ".github", "{D3406BE3-88EB-4F79-93DE-4C8686581FE9}"
EndProject
Project("{2150E333-8FDC-42A3-9474-1A3956D46DE8}") = "workflows", "workflows", "{E756D5CD-583F-403A-BFB7-4650D0EDE896}"
ProjectSection(SolutionItems) = preProject
	.github\workflows\main.yml = .github\workflows\main.yml
	.github\workflows\release.yml = .github\workflows\release.yml
EndProjectSection
EndProject
Global
	GlobalSection(SolutionConfigurationPlatforms) = preSolution
		Debug|Any CPU = Debug|Any CPU
		Release|Any CPU = Release|Any CPU
	EndGlobalSection
	GlobalSection(ProjectConfigurationPlatforms) = postSolution
		{F0C7FDA4-FA26-449D-B686-7803032B83F0}.Debug|Any CPU.ActiveCfg = Debug|Any CPU
		{F0C7FDA4-FA26-449D-B686-7803032B83F0}.Debug|Any CPU.Build.0 = Debug|Any CPU
		{F0C7FDA4-FA26-449D-B686-7803032B83F0}.Release|Any CPU.ActiveCfg = Release|Any CPU
		{F0C7FDA4-FA26-449D-B686-7803032B83F0}.Release|Any CPU.Build.0 = Release|Any CPU
		{F6BE3958-9982-4D7A-8418-ABCC0DEEF314}.Debug|Any CPU.ActiveCfg = Debug|Any CPU
		{F6BE3958-9982-4D7A-8418-ABCC0DEEF314}.Debug|Any CPU.Build.0 = Debug|Any CPU
		{F6BE3958-9982-4D7A-8418-ABCC0DEEF314}.Release|Any CPU.ActiveCfg = Release|Any CPU
		{F6BE3958-9982-4D7A-8418-ABCC0DEEF314}.Release|Any CPU.Build.0 = Release|Any CPU
	EndGlobalSection
	GlobalSection(NestedProjects) = preSolution
		{E756D5CD-583F-403A-BFB7-4650D0EDE896} = {D3406BE3-88EB-4F79-93DE-4C8686581FE9}
	EndGlobalSection
EndGlobal
